
Microsoft Visual Studio Solution File, Format Version 12.00
# Visual Studio Version 16
VisualStudioVersion = 16.0.31911.196
MinimumVisualStudioVersion = 10.0.40219.1
Project("{FAE04EC0-301F-11D3-BF4B-00C04F79EFBC}") = "CrudOperation+MysqlDB", "CrudOperation+MysqlDB\CrudOperation+MysqlDB.csproj", "{C74797C3-31A5-4FDC-95C8-A62CED050C6E}"
EndProject
Global
	GlobalSection(SolutionConfigurationPlatforms) = preSolution
		Debug|Any CPU = Debug|Any CPU
		Release|Any CPU = Release|Any CPU
	EndGlobalSection
	GlobalSection(ProjectConfigurationPlatforms) = postSolution
		{C74797C3-31A5-4FDC-95C8-A62CED050C6E}.Debug|Any CPU.ActiveCfg = Debug|Any CPU
		{C74797C3-31A5-4FDC-95C8-A62CED050C6E}.Debug|Any CPU.Build.0 = Debug|Any CPU
		{C74797C3-31A5-4FDC-95C8-A62CED050C6E}.Release|Any CPU.ActiveCfg = Release|Any CPU
		{C74797C3-31A5-4FDC-95C8-A62CED050C6E}.Release|Any CPU.Build.0 = Release|Any CPU
	EndGlobalSection
	GlobalSection(SolutionProperties) = preSolution
		HideSolutionNode = FALSE
	EndGlobalSection
	GlobalSection(ExtensibilityGlobals) = postSolution
		SolutionGuid = {B379B7BD-1879-4FB7-AC3D-816FB5CD7865}
	EndGlobalSection
EndGlobal
